
Microsoft Visual Studio Solution File, Format Version 12.00
# Visual Studio 15
VisualStudioVersion = 15.0.26403.7
MinimumVisualStudioVersion = 10.0.40219.1
Project("{FAE04EC0-301F-11D3-BF4B-00C04F79EFBC}") = "Core", "Core\Core.csproj", "{2FD0A8CC-DF0B-42BD-ACAF-C0862DDBBAC0}"
EndProject
Project("{FAE04EC0-301F-11D3-BF4B-00C04F79EFBC}") = "DHTChord", "DHTChord\DHTChord.csproj", "{89108981-C90E-4D81-BCEA-2F1DAD007252}"
EndProject
Global
	GlobalSection(SolutionConfigurationPlatforms) = preSolution
		Debug|Any CPU = Debug|Any CPU
		Release|Any CPU = Release|Any CPU
	EndGlobalSection
	GlobalSection(ProjectConfigurationPlatforms) = postSolution
		{2FD0A8CC-DF0B-42BD-ACAF-C0862DDBBAC0}.Debug|Any CPU.ActiveCfg = Debug|Any CPU
		{2FD0A8CC-DF0B-42BD-ACAF-C0862DDBBAC0}.Debug|Any CPU.Build.0 = Debug|Any CPU
		{2FD0A8CC-DF0B-42BD-ACAF-C0862DDBBAC0}.Release|Any CPU.ActiveCfg = Release|Any CPU
		{2FD0A8CC-DF0B-42BD-ACAF-C0862DDBBAC0}.Release|Any CPU.Build.0 = Release|Any CPU
		{89108981-C90E-4D81-BCEA-2F1DAD007252}.Debug|Any CPU.ActiveCfg = Debug|Any CPU
		{89108981-C90E-4D81-BCEA-2F1DAD007252}.Debug|Any CPU.Build.0 = Debug|Any CPU
		{89108981-C90E-4D81-BCEA-2F1DAD007252}.Release|Any CPU.ActiveCfg = Release|Any CPU
		{89108981-C90E-4D81-BCEA-2F1DAD007252}.Release|Any CPU.Build.0 = Release|Any CPU
	EndGlobalSection
	GlobalSection(SolutionProperties) = preSolution
		HideSolutionNode = FALSE
	EndGlobalSection
EndGlobal
